
Microsoft Visual Studio Solution File, Format Version 12.00
# Visual Studio 2013
VisualStudioVersion = 12.0.21005.1
MinimumVisualStudioVersion = 10.0.40219.1
Project("{2150E333-8FDC-42A3-9474-1A3956D46DE8}") = "Data", "Data", "{12B75A91-CDD2-4D88-84D7-5BEFF926EC21}"
EndProject
Project("{2150E333-8FDC-42A3-9474-1A3956D46DE8}") = "Reference", "Reference", "{9B8F675D-FDEF-4910-AA0F-28B42EF92FD9}"
EndProject
Project("{2150E333-8FDC-42A3-9474-1A3956D46DE8}") = "Resources", "Resources", "{8628937C-A8AA-4DF4-91D3-A3FCB9D7A638}"
EndProject
Project("{2150E333-8FDC-42A3-9474-1A3956D46DE8}") = "Service", "Service", "{9E654875-5B09-4FA5-B037-A933B6DA4119}"
EndProject
Project("{2150E333-8FDC-42A3-9474-1A3956D46DE8}") = "Web", "Web", "{DE7C2F93-7A8F-40AD-B9BE-5A7EACF40935}"
EndProject
Project("{FAE04EC0-301F-11D3-BF4B-00C04F79EFBC}") = "HR.Reference", "HR.Reference\HR.Reference.csproj", "{42B1A34C-00BF-46B6-BA1E-C02E14754256}"
EndProject
Global
	GlobalSection(SolutionConfigurationPlatforms) = preSolution
		Debug|Any CPU = Debug|Any CPU
		Release|Any CPU = Release|Any CPU
	EndGlobalSection
	GlobalSection(ProjectConfigurationPlatforms) = postSolution
		{42B1A34C-00BF-46B6-BA1E-C02E14754256}.Debug|Any CPU.ActiveCfg = Debug|Any CPU
		{42B1A34C-00BF-46B6-BA1E-C02E14754256}.Debug|Any CPU.Build.0 = Debug|Any CPU
		{42B1A34C-00BF-46B6-BA1E-C02E14754256}.Release|Any CPU.ActiveCfg = Release|Any CPU
		{42B1A34C-00BF-46B6-BA1E-C02E14754256}.Release|Any CPU.Build.0 = Release|Any CPU
	EndGlobalSection
	GlobalSection(SolutionProperties) = preSolution
		HideSolutionNode = FALSE
	EndGlobalSection
	GlobalSection(NestedProjects) = preSolution
		{42B1A34C-00BF-46B6-BA1E-C02E14754256} = {9B8F675D-FDEF-4910-AA0F-28B42EF92FD9}
	EndGlobalSection
EndGlobal
